schema: '2.0'
stages:
  download_data:
    cmd: uv run python -m common.data.download_data
    deps:
    - path: common/data/download_data.py
      hash: md5
      md5: db70c87808356d78e1b0337af4ae0ee9
      size: 2222
      isexec: true
    - path: common/utils/paths.py
      hash: md5
      md5: 85e5ef1fe298af93204abbcca9428bcc
      size: 1764
      isexec: true
    outs:
    - path: data/raw/
      hash: md5
      md5: 7a5dd7dd0e8cb18a912c5e37ae281547.dir
      size: 131546316
      nfiles: 16
  make_dataset:
    cmd: mkdir -p data/processed && uv run python -m common.data.make_dataset
    deps:
    - path: common/data/make_dataset.py
      hash: md5
      md5: 6e6320428fd9b61d52d8013c3ea0d7ce
      size: 4681
      isexec: true
    - path: common/utils/paths.py
      hash: md5
      md5: 85e5ef1fe298af93204abbcca9428bcc
      size: 1764
      isexec: true
    - path: data/raw/
      hash: md5
      md5: 7a5dd7dd0e8cb18a912c5e37ae281547.dir
      size: 131546316
      nfiles: 16
    outs:
    - path: data/processed/
      hash: md5
      md5: 496d188249cc62daa5c56ece4733ec8a.dir
      size: 175715571
      nfiles: 6
  train:
    cmd: uv run python -m services.training.train
    deps:
    - path: common/utils/mlflow.py
      hash: md5
      md5: 709fb95a7235c2ad4e8316bbfe5168e5
      size: 8007
      isexec: true
    - path: common/utils/paths.py
      hash: md5
      md5: 85e5ef1fe298af93204abbcca9428bcc
      size: 1764
      isexec: true
    - path: data/processed/
      hash: md5
      md5: 496d188249cc62daa5c56ece4733ec8a.dir
      size: 175715571
      nfiles: 6
    - path: services/training/train.py
      hash: md5
      md5: baf02d5ad79452d5a200235d0d8d883c
      size: 2276
      isexec: true
    outs:
    - path: artifacts/metrics/
      hash: md5
      md5: 2c9fc5ef7ae7c5f43dbbecfcf144f867.dir
      size: 2030
      nfiles: 14
    - path: artifacts/models/
      hash: md5
      md5: 6d93c686045ec5cf63daa304995318ca.dir
      size: 8717290874
      nfiles: 42
    - path: artifacts/reports/
      hash: md5
      md5: 443fd16f1ac72d937a61b02a04bccc6f.dir
      size: 5490287
      nfiles: 32
